// !$*UTF8*$!
{
	archiveVersion = 1;
	classes = {
	};
	objectVersion = 46;
	objects = {

/* Begin PBXBuildFile section */
		608EAF661F52C7CA00F8F9B3 /* main.m in Sources */ = {isa = PBXBuildFile; fileRef = 608EAF651F52C7CA00F8F9B3 /* main.m */; };
		608EAF691F52C7CA00F8F9B3 /* AppDelegate.m in Sources */ = {isa = PBXBuildFile; fileRef = 608EAF681F52C7CA00F8F9B3 /* AppDelegate.m */; };
		608EAF6C1F52C7CA00F8F9B3 /* ViewController.m in Sources */ = {isa = PBXBuildFile; fileRef = 608EAF6B1F52C7CA00F8F9B3 /* ViewController.m */; };
		608EAF6F1F52C7CA00F8F9B3 /* Main.storyboard in Resources */ = {isa = PBXBuildFile; fileRef = 608EAF6D1F52C7CA00F8F9B3 /* Main.storyboard */; };
		608EAF711F52C7CA00F8F9B3 /* Assets.xcassets in Resources */ = {isa = PBXBuildFile; fileRef = 608EAF701F52C7CA00F8F9B3 /* Assets.xcassets */; };
		608EAF741F52C7CA00F8F9B3 /* LaunchScreen.storyboard in Resources */ = {isa = PBXBuildFile; fileRef = 608EAF721F52C7CA00F8F9B3 /* LaunchScreen.storyboard */; };
		608EAF7F1F52C7CB00F8F9B3 /* PropertyAnimatorTests.m in Sources */ = {isa = PBXBuildFile; fileRef = 608EAF7E1F52C7CB00F8F9B3 /* PropertyAnimatorTests.m */; };
		6098A63C1F68082900701CCC /* TimingCurvesViewController.m in Sources */ = {isa = PBXBuildFile; fileRef = 6098A63B1F68082900701CCC /* TimingCurvesViewController.m */; };
/* End PBXBuildFile section */

/* Begin PBXContainerItemProxy section */
		608EAF7B1F52C7CB00F8F9B3 /* PBXContainerItemProxy */ = {
			isa = PBXContainerItemProxy;
			containerPortal = 608EAF591F52C7CA00F8F9B3 /* Project object */;
			proxyType = 1;
			remoteGlobalIDString = 608EAF601F52C7CA00F8F9B3;
			remoteInfo = PropertyAnimator;
		};
/* End PBXContainerItemProxy section */

/* Begin PBXFileReference section */
		608EAF611F52C7CA00F8F9B3 /* PropertyAnimator.app */ = {isa = PBXFileReference; explicitFileType = wrapper.application; includeInIndex = 0; path = PropertyAnimator.app; sourceTree = BUILT_PRODUCTS_DIR; };
		608EAF651F52C7CA00F8F9B3 /* main.m */ = {isa = PBXFileReference; lastKnownFileType = sourcecode.c.objc; path = main.m; sourceTree = "<group>"; };
		608EAF671F52C7CA00F8F9B3 /* AppDelegate.h */ = {isa = PBXFileReference; lastKnownFileType = sourcecode.c.h; path = AppDelegate.h; sourceTree = "<group>"; };
		608EAF681F52C7CA00F8F9B3 /* AppDelegate.m */ = {isa = PBXFileReference; lastKnownFileType = sourcecode.c.objc; path = AppDelegate.m; sourceTree = "<group>"; };
		608EAF6A1F52C7CA00F8F9B3 /* ViewController.h */ = {isa = PBXFileReference; lastKnownFileType = sourcecode.c.h; path = ViewController.h; sourceTree = "<group>"; };
		608EAF6B1F52C7CA00F8F9B3 /* ViewController.m */ = {isa = PBXFileReference; lastKnownFileType = sourcecode.c.objc; path = ViewController.m; sourceTree = "<group>"; };
		608EAF6E1F52C7CA00F8F9B3 /* Base */ = {isa = PBXFileReference; lastKnownFileType = file.storyboard; name = Base; path = Base.lproj/Main.storyboard; sourceTree = "<group>"; };
		608EAF701F52C7CA00F8F9B3 /* Assets.xcassets */ = {isa = PBXFileReference; lastKnownFileType = folder.assetcatalog; path = Assets.xcassets; sourceTree = "<group>"; };
		608EAF731F52C7CA00F8F9B3 /* Base */ = {isa = PBXFileReference; lastKnownFileType = file.storyboard; name = Base; path = Base.lproj/LaunchScreen.storyboard; sourceTree = "<group>"; };
		608EAF751F52C7CA00F8F9B3 /* Info.plist */ = {isa = PBXFileReference; lastKnownFileType = text.plist.xml; path = Info.plist; sourceTree = "<group>"; };
		608EAF7A1F52C7CB00F8F9B3 /* PropertyAnimatorTests.xctest */ = {isa = PBXFileReference; explicitFileType = wrapper.cfbundle; includeInIndex = 0; path = PropertyAnimatorTests.xctest; sourceTree = BUILT_PRODUCTS_DIR; };
		608EAF7E1F52C7CB00F8F9B3 /* PropertyAnimatorTests.m */ = {isa = PBXFileReference; lastKnownFileType = sourcecode.c.objc; path = PropertyAnimatorTests.m; sourceTree = "<group>"; };
		608EAF801F52C7CB00F8F9B3 /* Info.plist */ = {isa = PBXFileReference; lastKnownFileType = text.plist.xml; path = Info.plist; sourceTree = "<group>"; };
		6098A63A1F68082900701CCC /* TimingCurvesViewController.h */ = {isa = PBXFileReference; fileEncoding = 4; lastKnownFileType = sourcecode.c.h; path = TimingCurvesViewController.h; sourceTree = "<group>"; };
		6098A63B1F68082900701CCC /* TimingCurvesViewController.m */ = {isa = PBXFileReference; fileEncoding = 4; lastKnownFileType = sourcecode.c.objc; path = TimingCurvesViewController.m; sourceTree = "<group>"; };
/* End PBXFileReference section */

/* Begin PBXFrameworksBuildPhase section */
		608EAF5E1F52C7CA00F8F9B3 /* Frameworks */ = {
			isa = PBXFrameworksBuildPhase;
			buildActionMask = 2147483647;
			files = (
			);
			runOnlyForDeploymentPostprocessing = 0;
		};
		608EAF771F52C7CB00F8F9B3 /* Frameworks */ = {
			isa = PBXFrameworksBuildPhase;
			buildActionMask = 2147483647;
			files = (
			);
			runOnlyForDeploymentPostprocessing = 0;
		};
/* End PBXFrameworksBuildPhase section */

/* Begin PBXGroup section */
		608EAF581F52C7CA00F8F9B3 = {
			isa = PBXGroup;
			children = (
				608EAF631F52C7CA00F8F9B3 /* PropertyAnimator */,
				608EAF7D1F52C7CB00F8F9B3 /* PropertyAnimatorTests */,
				608EAF621F52C7CA00F8F9B3 /* Products */,
			);
			sourceTree = "<group>";
		};
		608EAF621F52C7CA00F8F9B3 /* Products */ = {
			isa = PBXGroup;
			children = (
				608EAF611F52C7CA00F8F9B3 /* PropertyAnimator.app */,
				608EAF7A1F52C7CB00F8F9B3 /* PropertyAnimatorTests.xctest */,
			);
			name = Products;
			sourceTree = "<group>";
		};
		608EAF631F52C7CA00F8F9B3 /* PropertyAnimator */ = {
			isa = PBXGroup;
			children = (
				608EAF671F52C7CA00F8F9B3 /* AppDelegate.h */,
				608EAF681F52C7CA00F8F9B3 /* AppDelegate.m */,
				608EAF6A1F52C7CA00F8F9B3 /* ViewController.h */,
				608EAF6B1F52C7CA00F8F9B3 /* ViewController.m */,
				6098A63A1F68082900701CCC /* TimingCurvesViewController.h */,
				6098A63B1F68082900701CCC /* TimingCurvesViewController.m */,
				608EAF6D1F52C7CA00F8F9B3 /* Main.storyboard */,
				608EAF701F52C7CA00F8F9B3 /* Assets.xcassets */,
				608EAF721F52C7CA00F8F9B3 /* LaunchScreen.storyboard */,
				608EAF751F52C7CA00F8F9B3 /* Info.plist */,
				608EAF641F52C7CA00F8F9B3 /* Supporting Files */,
			);
			path = PropertyAnimator;
			sourceTree = "<group>";
		};
		608EAF641F52C7CA00F8F9B3 /* Supporting Files */ = {
			isa = PBXGroup;
			children = (
				608EAF651F52C7CA00F8F9B3 /* main.m */,
			);
			name = "Supporting Files";
			sourceTree = "<group>";
		};
		608EAF7D1F52C7CB00F8F9B3 /* PropertyAnimatorTests */ = {
			isa = PBXGroup;
			children = (
				608EAF7E1F52C7CB00F8F9B3 /* PropertyAnimatorTests.m */,
				608EAF801F52C7CB00F8F9B3 /* Info.plist */,
			);
			path = PropertyAnimatorTests;
			sourceTree = "<group>";
		};
/* End PBXGroup section */

/* Begin PBXNativeTarget section */
		608EAF601F52C7CA00F8F9B3 /* PropertyAnimator */ = {
			isa = PBXNativeTarget;
			buildConfigurationList = 608EAF831F52C7CB00F8F9B3 /* Build configuration list for PBXNativeTarget "PropertyAnimator" */;
			buildPhases = (
				608EAF5D1F52C7CA00F8F9B3 /* Sources */,
				608EAF5E1F52C7CA00F8F9B3 /* Frameworks */,
				608EAF5F1F52C7CA00F8F9B3 /* Resources */,
			);
			buildRules = (
			);
			dependencies = (
			);
			name = PropertyAnimator;
			productName = PropertyAnimator;
			productReference = 608EAF611F52C7CA00F8F9B3 /* PropertyAnimator.app */;
			productType = "com.apple.product-type.application";
		};
		608EAF791F52C7CB00F8F9B3 /* PropertyAnimatorTests */ = {
			isa = PBXNativeTarget;
			buildConfigurationList = 608EAF861F52C7CB00F8F9B3 /* Build configuration list for PBXNativeTarget "PropertyAnimatorTests" */;
			buildPhases = (
				608EAF761F52C7CB00F8F9B3 /* Sources */,
				608EAF771F52C7CB00F8F9B3 /* Frameworks */,
				608EAF781F52C7CB00F8F9B3 /* Resources */,
			);
			buildRules = (
			);
			dependencies = (
				608EAF7C1F52C7CB00F8F9B3 /* PBXTargetDependency */,
			);
			name = PropertyAnimatorTests;
			productName = PropertyAnimatorTests;
			productReference = 608EAF7A1F52C7CB00F8F9B3 /* PropertyAnimatorTests.xctest */;
			productType = "com.apple.product-type.bundle.unit-test";
		};
/* End PBXNativeTarget section */

/* Begin PBXProject section */
		608EAF591F52C7CA00F8F9B3 /* Project object */ = {
			isa = PBXProject;
			attributes = {
				LastUpgradeCheck = 0830;
				TargetAttributes = {
					608EAF601F52C7CA00F8F9B3 = {
						CreatedOnToolsVersion = 8.3.2;
						ProvisioningStyle = Automatic;
					};
					608EAF791F52C7CB00F8F9B3 = {
						CreatedOnToolsVersion = 8.3.2;
						ProvisioningStyle = Automatic;
						TestTargetID = 608EAF601F52C7CA00F8F9B3;
					};
				};
			};
			buildConfigurationList = 608EAF5C1F52C7CA00F8F9B3 /* Build configuration list for PBXProject "PropertyAnimator" */;
			compatibilityVersion = "Xcode 3.2";
			developmentRegion = English;
			hasScannedForEncodings = 0;
			knownRegions = (
				en,
				Base,
			);
			mainGroup = 608EAF581F52C7CA00F8F9B3;
			productRefGroup = 608EAF621F52C7CA00F8F9B3 /* Products */;
			projectDirPath = "";
			projectRoot = "";
			targets = (
				608EAF601F52C7CA00F8F9B3 /* PropertyAnimator */,
				608EAF791F52C7CB00F8F9B3 /* PropertyAnimatorTests */,
			);
		};
/* End PBXProject section */

/* Begin PBXResourcesBuildPhase section */
		608EAF5F1F52C7CA00F8F9B3 /* Resources */ = {
			isa = PBXResourcesBuildPhase;
			buildActionMask = 2147483647;
			files = (
				608EAF741F52C7CA00F8F9B3 /* LaunchScreen.storyboard in Resources */,
				608EAF711F52C7CA00F8F9B3 /* Assets.xcassets in Resources */,
				608EAF6F1F52C7CA00F8F9B3 /* Main.storyboard in Resources */,
			);
			runOnlyForDeploymentPostprocessing = 0;
		};
		608EAF781F52C7CB00F8F9B3 /* Resources */ = {
			isa = PBXResourcesBuildPhase;
			buildActionMask = 2147483647;
			files = (
			);
			runOnlyForDeploymentPostprocessing = 0;
		};
/* End PBXResourcesBuildPhase section */

/* Begin PBXSourcesBuildPhase section */
		608EAF5D1F52C7CA00F8F9B3 /* Sources */ = {
			isa = PBXSourcesBuildPhase;
			buildActionMask = 2147483647;
			files = (
				608EAF6C1F52C7CA00F8F9B3 /* ViewController.m in Sources */,
				608EAF691F52C7CA00F8F9B3 /* AppDelegate.m in Sources */,
				6098A63C1F68082900701CCC /* TimingCurvesViewController.m in Sources */,
				608EAF661F52C7CA00F8F9B3 /* main.m in Sources */,
			);
			runOnlyForDeploymentPostprocessing = 0;
		};
		608EAF761F52C7CB00F8F9B3 /* Sources */ = {
			isa = PBXSourcesBuildPhase;
			buildActionMask = 2147483647;
			files = (
				608EAF7F1F52C7CB00F8F9B3 /* PropertyAnimatorTests.m in Sources */,
			);
			runOnlyForDeploymentPostprocessing = 0;
		};
/* End PBXSourcesBuildPhase section */

/* Begin PBXTargetDependency section */
		608EAF7C1F52C7CB00F8F9B3 /* PBXTargetDependency */ = {
			isa = PBXTargetDependency;
			target = 608EAF601F52C7CA00F8F9B3 /* PropertyAnimator */;
			targetProxy = 608EAF7B1F52C7CB00F8F9B3 /* PBXContainerItemProxy */;
		};
/* End PBXTargetDependency section */

/* Begin PBXVariantGroup section */
		608EAF6D1F52C7CA00F8F9B3 /* Main.storyboard */ = {
			isa = PBXVariantGroup;
			children = (
				608EAF6E1F52C7CA00F8F9B3 /* Base */,
			);
			name = Main.storyboard;
			sourceTree = "<group>";
		};
		608EAF721F52C7CA00F8F9B3 /* LaunchScreen.storyboard */ = {
			isa = PBXVariantGroup;
			children = (
				608EAF731F52C7CA00F8F9B3 /* Base */,
			);
			name = LaunchScreen.storyboard;
			sourceTree = "<group>";
		};
/* End PBXVariantGroup section */

/* Begin XCBuildConfiguration section */
		608EAF811F52C7CB00F8F9B3 /* Debug */ = {
			isa = XCBuildConfiguration;
			buildSettings = {
				ALWAYS_SEARCH_USER_PATHS = NO;
				CLANG_ANALYZER_NONNULL = YES;
				CLANG_ANALYZER_NUMBER_OBJECT_CONVERSION = YES_AGGRESSIVE;
				CLANG_CXX_LANGUAGE_STANDARD = "gnu++0x";
				CLANG_CXX_LIBRARY = "libc++";
				CLANG_ENABLE_MODULES = YES;
				CLANG_ENABLE_OBJC_ARC = YES;
				CLANG_WARN_BOOL_CONVERSION = YES;
				CLANG_WARN_CONSTANT_CONVERSION = YES;
				CLANG_WARN_DIRECT_OBJC_ISA_USAGE = YES_ERROR;
				CLANG_WARN_DOCUMENTATION_COMMENTS = YES;
				CLANG_WARN_EMPTY_BODY = YES;
				CLANG_WARN_ENUM_CONVERSION = YES;
				CLANG_WARN_INFINITE_RECURSION = YES;
				CLANG_WARN_INT_CONVERSION = YES;
				CLANG_WARN_OBJC_ROOT_CLASS = YES_ERROR;
				CLANG_WARN_SUSPICIOUS_MOVE = YES;
				CLANG_WARN_UNREACHABLE_CODE = YES;
				CLANG_WARN__DUPLICATE_METHOD_MATCH = YES;
				"CODE_SIGN_IDENTITY[sdk=iphoneos*]" = "iPhone Developer";
				COPY_PHASE_STRIP = NO;
				DEBUG_INFORMATION_FORMAT = dwarf;
				ENABLE_STRICT_OBJC_MSGSEND = YES;
				ENABLE_TESTABILITY = YES;
				GCC_C_LANGUAGE_STANDARD = gnu99;
				GCC_DYNAMIC_NO_PIC = NO;
				GCC_NO_COMMON_BLOCKS = YES;
				GCC_OPTIMIZATION_LEVEL = 0;
				GCC_PREPROCESSOR_DEFINITIONS = (
					"DEBUG=1",
					"$(inherited)",
				);
				GCC_WARN_64_TO_32_BIT_CONVERSION = YES;
				GCC_WARN_ABOUT_RETURN_TYPE = YES_ERROR;
				GCC_WARN_UNDECLARED_SELECTOR = YES;
				GCC_WARN_UNINITIALIZED_AUTOS = YES_AGGRESSIVE;
				GCC_WARN_UNUSED_FUNCTION = YES;
				GCC_WARN_UNUSED_VARIABLE = YES;
				IPHONEOS_DEPLOYMENT_TARGET = 10.3;
				MTL_ENABLE_DEBUG_INFO = YES;
				ONLY_ACTIVE_ARCH = YES;
				SDKROOT = iphoneos;
				TARGETED_DEVICE_FAMILY = "1,2";
			};
			name = Debug;
		};
		608EAF821F52C7CB00F8F9B3 /* Release */ = {
			isa = XCBuildConfiguration;
			buildSettings = {
				ALWAYS_SEARCH_USER_PATHS = NO;
				CLANG_ANALYZER_NONNULL = YES;
				CLANG_ANALYZER_NUMBER_OBJECT_CONVERSION = YES_AGGRESSIVE;
				CLANG_CXX_LANGUAGE_STANDARD = "gnu++0x";
				CLANG_CXX_LIBRARY = "libc++";
				CLANG_ENABLE_MODULES = YES;
				CLANG_ENABLE_OBJC_ARC = YES;
				CLANG_WARN_BOOL_CONVERSION = YES;
				CLANG_WARN_CONSTANT_CONVERSION = YES;
				CLANG_WARN_DIRECT_OBJC_ISA_USAGE = YES_ERROR;
				CLANG_WARN_DOCUMENTATION_COMMENTS = YES;
				CLANG_WARN_EMPTY_BODY = YES;
				CLANG_WARN_ENUM_CONVERSION = YES;
				CLANG_WARN_INFINITE_RECURSION = YES;
				CLANG_WARN_INT_CONVERSION = YES;
				CLANG_WARN_OBJC_ROOT_CLASS = YES_ERROR;
				CLANG_WARN_SUSPICIOUS_MOVE = YES;
				CLANG_WARN_UNREACHABLE_CODE = YES;
				CLANG_WARN__DUPLICATE_METHOD_MATCH = YES;
				"CODE_SIGN_IDENTITY[sdk=iphoneos*]" = "iPhone Developer";
				COPY_PHASE_STRIP = NO;
				DEBUG_INFORMATION_FORMAT = "dwarf-with-dsym";
				ENABLE_NS_ASSERTIONS = NO;
				ENABLE_STRICT_OBJC_MSGSEND = YES;
				GCC_C_LANGUAGE_STANDARD = gnu99;
				GCC_NO_COMMON_BLOCKS = YES;
				GCC_WARN_64_TO_32_BIT_CONVERSION = YES;
				GCC_WARN_ABOUT_RETURN_TYPE = YES_ERROR;
				GCC_WARN_UNDECLARED_SELECTOR = YES;
				GCC_WARN_UNINITIALIZED_AUTOS = YES_AGGRESSIVE;
				GCC_WARN_UNUSED_FUNCTION = YES;
				GCC_WARN_UNUSED_VARIABLE = YES;
				IPHONEOS_DEPLOYMENT_TARGET = 10.3;
				MTL_ENABLE_DEBUG_INFO = NO;
				SDKROOT = iphoneos;
				TARGETED_DEVICE_FAMILY = "1,2";
				VALIDATE_PRODUCT = YES;
			};
			name = Release;
		};
		608EAF841F52C7CB00F8F9B3 /* Debug */ = {
			isa = XCBuildConfiguration;
			buildSettings = {
				ASSETCATALOG_COMPILER_APPICON_NAME = AppIcon;
				INFOPLIST_FILE = PropertyAnimator/Info.plist;
				LD_RUNPATH_SEARCH_PATHS = "$(inherited) @executable_path/Frameworks";
				PRODUCT_BUNDLE_IDENTIFIER = com.example.PropertyAnimator;
				PRODUCT_NAME = "$(TARGET_NAME)";
			};
			name = Debug;
		};
		608EAF851F52C7CB00F8F9B3 /* Release */ = {
			isa = XCBuildConfiguration;
			buildSettings = {
				ASSETCATALOG_COMPILER_APPICON_NAME = AppIcon;
				INFOPLIST_FILE = PropertyAnimator/Info.plist;
				LD_RUNPATH_SEARCH_PATHS = "$(inherited) @executable_path/Frameworks";
				PRODUCT_BUNDLE_IDENTIFIER = com.example.PropertyAnimator;
				PRODUCT_NAME = "$(TARGET_NAME)";
			};
			name = Release;
		};
		608EAF871F52C7CB00F8F9B3 /* Debug */ = {
			isa = XCBuildConfiguration;
			buildSettings = {
				BUNDLE_LOADER = "$(TEST_HOST)";
				INFOPLIST_FILE = PropertyAnimatorTests/Info.plist;
				LD_RUNPATH_SEARCH_PATHS = "$(inherited) @executable_path/Frameworks @loader_path/Frameworks";
				PRODUCT_BUNDLE_IDENTIFIER = com.example.PropertyAnimatorTests;
				PRODUCT_NAME = "$(TARGET_NAME)";
				TEST_HOST = "$(BUILT_PRODUCTS_DIR)/PropertyAnimator.app/PropertyAnimator";
			};
			name = Debug;
		};
		608EAF881F52C7CB00F8F9B3 /* Release */ = {
			isa = XCBuildConfiguration;
			buildSettings = {
				BUNDLE_LOADER = "$(TEST_HOST)";
				INFOPLIST_FILE = PropertyAnimatorTests/Info.plist;
				LD_RUNPATH_SEARCH_PATHS = "$(inherited) @executable_path/Frameworks @loader_path/Frameworks";
				PRODUCT_BUNDLE_IDENTIFIER = com.example.PropertyAnimatorTests;
				PRODUCT_NAME = "$(TARGET_NAME)";
				TEST_HOST = "$(BUILT_PRODUCTS_DIR)/PropertyAnimator.app/PropertyAnimator";
			};
			name = Release;
		};
/* End XCBuildConfiguration section */

/* Begin XCConfigurationList section */
		608EAF5C1F52C7CA00F8F9B3 /* Build configuration list for PBXProject "PropertyAnimator" */ = {
			isa = XCConfigurationList;
			buildConfigurations = (
				608EAF811F52C7CB00F8F9B3 /* Debug */,
				608EAF821F52C7CB00F8F9B3 /* Release */,
			);
			defaultConfigurationIsVisible = 0;
			defaultConfigurationName = Release;
		};
		608EAF831F52C7CB00F8F9B3 /* Build configuration list for PBXNativeTarget "PropertyAnimator" */ = {
			isa = XCConfigurationList;
			buildConfigurations = (
				608EAF841F52C7CB00F8F9B3 /* Debug */,
				608EAF851F52C7CB00F8F9B3 /* Release */,
			);
			defaultConfigurationIsVisible = 0;
			defaultConfigurationName = Release;
		};
		608EAF861F52C7CB00F8F9B3 /* Build configuration list for PBXNativeTarget "PropertyAnimatorTests" */ = {
			isa = XCConfigurationList;
			buildConfigurations = (
				608EAF871F52C7CB00F8F9B3 /* Debug */,
				608EAF881F52C7CB00F8F9B3 /* Release */,
			);
			defaultConfigurationIsVisible = 0;
			defaultConfigurationName = Release;
		};
/* End XCConfigurationList section */
	};
	rootObject = 608EAF591F52C7CA00F8F9B3 /* Project object */;
}
