// !$*UTF8*$!
{
	archiveVersion = 1;
	classes = {
	};
	objectVersion = 56;
	objects = {

/* Begin PBXBuildFile section */
		6066390B297E5AA3005902EF /* AppDelegate.swift in Sources */ = {isa = PBXBuildFile; fileRef = 6066390A297E5AA3005902EF /* AppDelegate.swift */; };
		6066390D297E5AA3005902EF /* SceneDelegate.swift in Sources */ = {isa = PBXBuildFile; fileRef = 6066390C297E5AA3005902EF /* SceneDelegate.swift */; };
		6066390F297E5AA3005902EF /* ViewController.swift in Sources */ = {isa = PBXBuildFile; fileRef = 6066390E297E5AA3005902EF /* ViewController.swift */; };
		60663912297E5AA3005902EF /* Main.storyboard in Resources */ = {isa = PBXBuildFile; fileRef = 60663910297E5AA3005902EF /* Main.storyboard */; };
		60663914297E5AA3005902EF /* Assets.xcassets in Resources */ = {isa = PBXBuildFile; fileRef = 60663913297E5AA3005902EF /* Assets.xcassets */; };
		60663917297E5AA3005902EF /* LaunchScreen.storyboard in Resources */ = {isa = PBXBuildFile; fileRef = 60663915297E5AA3005902EF /* LaunchScreen.storyboard */; };
		6066391F297E5BA6005902EF /* LoadImageViewController.swift in Sources */ = {isa = PBXBuildFile; fileRef = 6066391E297E5BA6005902EF /* LoadImageViewController.swift */; };
		60663921297E5C7C005902EF /* ImageCache.swift in Sources */ = {isa = PBXBuildFile; fileRef = 60663920297E5C7C005902EF /* ImageCache.swift */; };
		60663925297E7125005902EF /* DiscardableViewController.swift in Sources */ = {isa = PBXBuildFile; fileRef = 60663924297E7125005902EF /* DiscardableViewController.swift */; };
		60663927297E7147005902EF /* Person.swift in Sources */ = {isa = PBXBuildFile; fileRef = 60663926297E7147005902EF /* Person.swift */; };
		60663929297E9FC4005902EF /* README.md in Resources */ = {isa = PBXBuildFile; fileRef = 60663928297E9FC4005902EF /* README.md */; };
/* End PBXBuildFile section */

/* Begin PBXFileReference section */
		60663907297E5AA3005902EF /* NSCache.app */ = {isa = PBXFileReference; explicitFileType = wrapper.application; includeInIndex = 0; path = NSCache.app; sourceTree = BUILT_PRODUCTS_DIR; };
		6066390A297E5AA3005902EF /* AppDelegate.swift */ = {isa = PBXFileReference; lastKnownFileType = sourcecode.swift; path = AppDelegate.swift; sourceTree = "<group>"; };
		6066390C297E5AA3005902EF /* SceneDelegate.swift */ = {isa = PBXFileReference; lastKnownFileType = sourcecode.swift; path = SceneDelegate.swift; sourceTree = "<group>"; };
		6066390E297E5AA3005902EF /* ViewController.swift */ = {isa = PBXFileReference; lastKnownFileType = sourcecode.swift; path = ViewController.swift; sourceTree = "<group>"; };
		60663911297E5AA3005902EF /* Base */ = {isa = PBXFileReference; lastKnownFileType = file.storyboard; name = Base; path = Base.lproj/Main.storyboard; sourceTree = "<group>"; };
		60663913297E5AA3005902EF /* Assets.xcassets */ = {isa = PBXFileReference; lastKnownFileType = folder.assetcatalog; path = Assets.xcassets; sourceTree = "<group>"; };
		60663916297E5AA3005902EF /* Base */ = {isa = PBXFileReference; lastKnownFileType = file.storyboard; name = Base; path = Base.lproj/LaunchScreen.storyboard; sourceTree = "<group>"; };
		60663918297E5AA3005902EF /* Info.plist */ = {isa = PBXFileReference; lastKnownFileType = text.plist.xml; path = Info.plist; sourceTree = "<group>"; };
		6066391E297E5BA6005902EF /* LoadImageViewController.swift */ = {isa = PBXFileReference; lastKnownFileType = sourcecode.swift; path = LoadImageViewController.swift; sourceTree = "<group>"; };
		60663920297E5C7C005902EF /* ImageCache.swift */ = {isa = PBXFileReference; lastKnownFileType = sourcecode.swift; path = ImageCache.swift; sourceTree = "<group>"; };
		60663924297E7125005902EF /* DiscardableViewController.swift */ = {isa = PBXFileReference; lastKnownFileType = sourcecode.swift; path = DiscardableViewController.swift; sourceTree = "<group>"; };
		60663926297E7147005902EF /* Person.swift */ = {isa = PBXFileReference; lastKnownFileType = sourcecode.swift; path = Person.swift; sourceTree = "<group>"; };
		60663928297E9FC4005902EF /* README.md */ = {isa = PBXFileReference; fileEncoding = 4; lastKnownFileType = net.daringfireball.markdown; path = README.md; sourceTree = "<group>"; };
/* End PBXFileReference section */

/* Begin PBXFrameworksBuildPhase section */
		60663904297E5AA3005902EF /* Frameworks */ = {
			isa = PBXFrameworksBuildPhase;
			buildActionMask = 2147483647;
			files = (
			);
			runOnlyForDeploymentPostprocessing = 0;
		};
/* End PBXFrameworksBuildPhase section */

/* Begin PBXGroup section */
		606638FE297E5AA3005902EF = {
			isa = PBXGroup;
			children = (
				60663928297E9FC4005902EF /* README.md */,
				60663909297E5AA3005902EF /* NSCache */,
				60663908297E5AA3005902EF /* Products */,
			);
			sourceTree = "<group>";
		};
		60663908297E5AA3005902EF /* Products */ = {
			isa = PBXGroup;
			children = (
				60663907297E5AA3005902EF /* NSCache.app */,
			);
			name = Products;
			sourceTree = "<group>";
		};
		60663909297E5AA3005902EF /* NSCache */ = {
			isa = PBXGroup;
			children = (
				6066390A297E5AA3005902EF /* AppDelegate.swift */,
				6066390C297E5AA3005902EF /* SceneDelegate.swift */,
				6066390E297E5AA3005902EF /* ViewController.swift */,
				60663923297E7110005902EF /* Discardable */,
				60663922297E7102005902EF /* ImageCache */,
				60663910297E5AA3005902EF /* Main.storyboard */,
				60663913297E5AA3005902EF /* Assets.xcassets */,
				60663915297E5AA3005902EF /* LaunchScreen.storyboard */,
				60663918297E5AA3005902EF /* Info.plist */,
			);
			path = NSCache;
			sourceTree = "<group>";
		};
		60663922297E7102005902EF /* ImageCache */ = {
			isa = PBXGroup;
			children = (
				6066391E297E5BA6005902EF /* LoadImageViewController.swift */,
				60663920297E5C7C005902EF /* ImageCache.swift */,
			);
			path = ImageCache;
			sourceTree = "<group>";
		};
		60663923297E7110005902EF /* Discardable */ = {
			isa = PBXGroup;
			children = (
				60663924297E7125005902EF /* DiscardableViewController.swift */,
				60663926297E7147005902EF /* Person.swift */,
			);
			path = Discardable;
			sourceTree = "<group>";
		};
/* End PBXGroup section */

/* Begin PBXNativeTarget section */
		60663906297E5AA3005902EF /* NSCache */ = {
			isa = PBXNativeTarget;
			buildConfigurationList = 6066391B297E5AA3005902EF /* Build configuration list for PBXNativeTarget "NSCache" */;
			buildPhases = (
				60663903297E5AA3005902EF /* Sources */,
				60663904297E5AA3005902EF /* Frameworks */,
				60663905297E5AA3005902EF /* Resources */,
			);
			buildRules = (
			);
			dependencies = (
			);
			name = NSCache;
			productName = NSCache;
			productReference = 60663907297E5AA3005902EF /* NSCache.app */;
			productType = "com.apple.product-type.application";
		};
/* End PBXNativeTarget section */

/* Begin PBXProject section */
		606638FF297E5AA3005902EF /* Project object */ = {
			isa = PBXProject;
			attributes = {
				BuildIndependentTargetsInParallel = 1;
				LastSwiftUpdateCheck = 1420;
				LastUpgradeCheck = 1420;
				TargetAttributes = {
					60663906297E5AA3005902EF = {
						CreatedOnToolsVersion = 14.2;
					};
				};
			};
			buildConfigurationList = 60663902297E5AA3005902EF /* Build configuration list for PBXProject "NSCache" */;
			compatibilityVersion = "Xcode 14.0";
			developmentRegion = en;
			hasScannedForEncodings = 0;
			knownRegions = (
				en,
				Base,
			);
			mainGroup = 606638FE297E5AA3005902EF;
			productRefGroup = 60663908297E5AA3005902EF /* Products */;
			projectDirPath = "";
			projectRoot = "";
			targets = (
				60663906297E5AA3005902EF /* NSCache */,
			);
		};
/* End PBXProject section */

/* Begin PBXResourcesBuildPhase section */
		60663905297E5AA3005902EF /* Resources */ = {
			isa = PBXResourcesBuildPhase;
			buildActionMask = 2147483647;
			files = (
				60663917297E5AA3005902EF /* LaunchScreen.storyboard in Resources */,
				60663914297E5AA3005902EF /* Assets.xcassets in Resources */,
				60663929297E9FC4005902EF /* README.md in Resources */,
				60663912297E5AA3005902EF /* Main.storyboard in Resources */,
			);
			runOnlyForDeploymentPostprocessing = 0;
		};
/* End PBXResourcesBuildPhase section */

/* Begin PBXSourcesBuildPhase section */
		60663903297E5AA3005902EF /* Sources */ = {
			isa = PBXSourcesBuildPhase;
			buildActionMask = 2147483647;
			files = (
				60663921297E5C7C005902EF /* ImageCache.swift in Sources */,
				60663925297E7125005902EF /* DiscardableViewController.swift in Sources */,
				6066390F297E5AA3005902EF /* ViewController.swift in Sources */,
				6066390B297E5AA3005902EF /* AppDelegate.swift in Sources */,
				60663927297E7147005902EF /* Person.swift in Sources */,
				6066391F297E5BA6005902EF /* LoadImageViewController.swift in Sources */,
				6066390D297E5AA3005902EF /* SceneDelegate.swift in Sources */,
			);
			runOnlyForDeploymentPostprocessing = 0;
		};
/* End PBXSourcesBuildPhase section */

/* Begin PBXVariantGroup section */
		60663910297E5AA3005902EF /* Main.storyboard */ = {
			isa = PBXVariantGroup;
			children = (
				60663911297E5AA3005902EF /* Base */,
			);
			name = Main.storyboard;
			sourceTree = "<group>";
		};
		60663915297E5AA3005902EF /* LaunchScreen.storyboard */ = {
			isa = PBXVariantGroup;
			children = (
				60663916297E5AA3005902EF /* Base */,
			);
			name = LaunchScreen.storyboard;
			sourceTree = "<group>";
		};
/* End PBXVariantGroup section */

/* Begin XCBuildConfiguration section */
		60663919297E5AA3005902EF /* Debug */ = {
			isa = XCBuildConfiguration;
			buildSettings = {
				ALWAYS_SEARCH_USER_PATHS = NO;
				CLANG_ANALYZER_NONNULL = YES;
				CLANG_ANALYZER_NUMBER_OBJECT_CONVERSION = YES_AGGRESSIVE;
				CLANG_CXX_LANGUAGE_STANDARD = "gnu++20";
				CLANG_ENABLE_MODULES = YES;
				CLANG_ENABLE_OBJC_ARC = YES;
				CLANG_ENABLE_OBJC_WEAK = YES;
				CLANG_WARN_BLOCK_CAPTURE_AUTORELEASING = YES;
				CLANG_WARN_BOOL_CONVERSION = YES;
				CLANG_WARN_COMMA = YES;
				CLANG_WARN_CONSTANT_CONVERSION = YES;
				CLANG_WARN_DEPRECATED_OBJC_IMPLEMENTATIONS = YES;
				CLANG_WARN_DIRECT_OBJC_ISA_USAGE = YES_ERROR;
				CLANG_WARN_DOCUMENTATION_COMMENTS = YES;
				CLANG_WARN_EMPTY_BODY = YES;
				CLANG_WARN_ENUM_CONVERSION = YES;
				CLANG_WARN_INFINITE_RECURSION = YES;
				CLANG_WARN_INT_CONVERSION = YES;
				CLANG_WARN_NON_LITERAL_NULL_CONVERSION = YES;
				CLANG_WARN_OBJC_IMPLICIT_RETAIN_SELF = YES;
				CLANG_WARN_OBJC_LITERAL_CONVERSION = YES;
				CLANG_WARN_OBJC_ROOT_CLASS = YES_ERROR;
				CLANG_WARN_QUOTED_INCLUDE_IN_FRAMEWORK_HEADER = YES;
				CLANG_WARN_RANGE_LOOP_ANALYSIS = YES;
				CLANG_WARN_STRICT_PROTOTYPES = YES;
				CLANG_WARN_SUSPICIOUS_MOVE = YES;
				CLANG_WARN_UNGUARDED_AVAILABILITY = YES_AGGRESSIVE;
				CLANG_WARN_UNREACHABLE_CODE = YES;
				CLANG_WARN__DUPLICATE_METHOD_MATCH = YES;
				COPY_PHASE_STRIP = NO;
				DEBUG_INFORMATION_FORMAT = dwarf;
				ENABLE_STRICT_OBJC_MSGSEND = YES;
				ENABLE_TESTABILITY = YES;
				GCC_C_LANGUAGE_STANDARD = gnu11;
				GCC_DYNAMIC_NO_PIC = NO;
				GCC_NO_COMMON_BLOCKS = YES;
				GCC_OPTIMIZATION_LEVEL = 0;
				GCC_PREPROCESSOR_DEFINITIONS = (
					"DEBUG=1",
					"$(inherited)",
				);
				GCC_WARN_64_TO_32_BIT_CONVERSION = YES;
				GCC_WARN_ABOUT_RETURN_TYPE = YES_ERROR;
				GCC_WARN_UNDECLARED_SELECTOR = YES;
				GCC_WARN_UNINITIALIZED_AUTOS = YES_AGGRESSIVE;
				GCC_WARN_UNUSED_FUNCTION = YES;
				GCC_WARN_UNUSED_VARIABLE = YES;
				IPHONEOS_DEPLOYMENT_TARGET = 16.2;
				MTL_ENABLE_DEBUG_INFO = INCLUDE_SOURCE;
				MTL_FAST_MATH = YES;
				ONLY_ACTIVE_ARCH = YES;
				SDKROOT = iphoneos;
				SWIFT_ACTIVE_COMPILATION_CONDITIONS = DEBUG;
				SWIFT_OPTIMIZATION_LEVEL = "-Onone";
			};
			name = Debug;
		};
		6066391A297E5AA3005902EF /* Release */ = {
			isa = XCBuildConfiguration;
			buildSettings = {
				ALWAYS_SEARCH_USER_PATHS = NO;
				CLANG_ANALYZER_NONNULL = YES;
				CLANG_ANALYZER_NUMBER_OBJECT_CONVERSION = YES_AGGRESSIVE;
				CLANG_CXX_LANGUAGE_STANDARD = "gnu++20";
				CLANG_ENABLE_MODULES = YES;
				CLANG_ENABLE_OBJC_ARC = YES;
				CLANG_ENABLE_OBJC_WEAK = YES;
				CLANG_WARN_BLOCK_CAPTURE_AUTORELEASING = YES;
				CLANG_WARN_BOOL_CONVERSION = YES;
				CLANG_WARN_COMMA = YES;
				CLANG_WARN_CONSTANT_CONVERSION = YES;
				CLANG_WARN_DEPRECATED_OBJC_IMPLEMENTATIONS = YES;
				CLANG_WARN_DIRECT_OBJC_ISA_USAGE = YES_ERROR;
				CLANG_WARN_DOCUMENTATION_COMMENTS = YES;
				CLANG_WARN_EMPTY_BODY = YES;
				CLANG_WARN_ENUM_CONVERSION = YES;
				CLANG_WARN_INFINITE_RECURSION = YES;
				CLANG_WARN_INT_CONVERSION = YES;
				CLANG_WARN_NON_LITERAL_NULL_CONVERSION = YES;
				CLANG_WARN_OBJC_IMPLICIT_RETAIN_SELF = YES;
				CLANG_WARN_OBJC_LITERAL_CONVERSION = YES;
				CLANG_WARN_OBJC_ROOT_CLASS = YES_ERROR;
				CLANG_WARN_QUOTED_INCLUDE_IN_FRAMEWORK_HEADER = YES;
				CLANG_WARN_RANGE_LOOP_ANALYSIS = YES;
				CLANG_WARN_STRICT_PROTOTYPES = YES;
				CLANG_WARN_SUSPICIOUS_MOVE = YES;
				CLANG_WARN_UNGUARDED_AVAILABILITY = YES_AGGRESSIVE;
				CLANG_WARN_UNREACHABLE_CODE = YES;
				CLANG_WARN__DUPLICATE_METHOD_MATCH = YES;
				COPY_PHASE_STRIP = NO;
				DEBUG_INFORMATION_FORMAT = "dwarf-with-dsym";
				ENABLE_NS_ASSERTIONS = NO;
				ENABLE_STRICT_OBJC_MSGSEND = YES;
				GCC_C_LANGUAGE_STANDARD = gnu11;
				GCC_NO_COMMON_BLOCKS = YES;
				GCC_WARN_64_TO_32_BIT_CONVERSION = YES;
				GCC_WARN_ABOUT_RETURN_TYPE = YES_ERROR;
				GCC_WARN_UNDECLARED_SELECTOR = YES;
				GCC_WARN_UNINITIALIZED_AUTOS = YES_AGGRESSIVE;
				GCC_WARN_UNUSED_FUNCTION = YES;
				GCC_WARN_UNUSED_VARIABLE = YES;
				IPHONEOS_DEPLOYMENT_TARGET = 16.2;
				MTL_ENABLE_DEBUG_INFO = NO;
				MTL_FAST_MATH = YES;
				SDKROOT = iphoneos;
				SWIFT_COMPILATION_MODE = wholemodule;
				SWIFT_OPTIMIZATION_LEVEL = "-O";
				VALIDATE_PRODUCT = YES;
			};
			name = Release;
		};
		6066391C297E5AA3005902EF /* Debug */ = {
			isa = XCBuildConfiguration;
			buildSettings = {
				ASSETCATALOG_COMPILER_APPICON_NAME = AppIcon;
				ASSETCATALOG_COMPILER_GLOBAL_ACCENT_COLOR_NAME = AccentColor;
				CODE_SIGN_STYLE = Automatic;
				CURRENT_PROJECT_VERSION = 1;
				GENERATE_INFOPLIST_FILE = YES;
				INFOPLIST_FILE = NSCache/Info.plist;
				INFOPLIST_KEY_UIApplicationSupportsIndirectInputEvents = YES;
				INFOPLIST_KEY_UILaunchStoryboardName = LaunchScreen;
				INFOPLIST_KEY_UIMainStoryboardFile = Main;
				INFOPLIST_KEY_UISupportedInterfaceOrientations_iPad = "UIInterfaceOrientationPortrait UIInterfaceOrientationPortraitUpsideDown UIInterfaceOrientationLandscapeLeft UIInterfaceOrientationLandscapeRight";
				INFOPLIST_KEY_UISupportedInterfaceOrientations_iPhone = "UIInterfaceOrientationPortrait UIInterfaceOrientationLandscapeLeft UIInterfaceOrientationLandscapeRight";
				LD_RUNPATH_SEARCH_PATHS = (
					"$(inherited)",
					"@executable_path/Frameworks",
				);
				MARKETING_VERSION = 1.0;
				PRODUCT_BUNDLE_IDENTIFIER = ad.NSCache;
				PRODUCT_NAME = "$(TARGET_NAME)";
				SWIFT_EMIT_LOC_STRINGS = YES;
				SWIFT_VERSION = 5.0;
				TARGETED_DEVICE_FAMILY = "1,2";
			};
			name = Debug;
		};
		6066391D297E5AA3005902EF /* Release */ = {
			isa = XCBuildConfiguration;
			buildSettings = {
				ASSETCATALOG_COMPILER_APPICON_NAME = AppIcon;
				ASSETCATALOG_COMPILER_GLOBAL_ACCENT_COLOR_NAME = AccentColor;
				CODE_SIGN_STYLE = Automatic;
				CURRENT_PROJECT_VERSION = 1;
				GENERATE_INFOPLIST_FILE = YES;
				INFOPLIST_FILE = NSCache/Info.plist;
				INFOPLIST_KEY_UIApplicationSupportsIndirectInputEvents = YES;
				INFOPLIST_KEY_UILaunchStoryboardName = LaunchScreen;
				INFOPLIST_KEY_UIMainStoryboardFile = Main;
				INFOPLIST_KEY_UISupportedInterfaceOrientations_iPad = "UIInterfaceOrientationPortrait UIInterfaceOrientationPortraitUpsideDown UIInterfaceOrientationLandscapeLeft UIInterfaceOrientationLandscapeRight";
				INFOPLIST_KEY_UISupportedInterfaceOrientations_iPhone = "UIInterfaceOrientationPortrait UIInterfaceOrientationLandscapeLeft UIInterfaceOrientationLandscapeRight";
				LD_RUNPATH_SEARCH_PATHS = (
					"$(inherited)",
					"@executable_path/Frameworks",
				);
				MARKETING_VERSION = 1.0;
				PRODUCT_BUNDLE_IDENTIFIER = ad.NSCache;
				PRODUCT_NAME = "$(TARGET_NAME)";
				SWIFT_EMIT_LOC_STRINGS = YES;
				SWIFT_VERSION = 5.0;
				TARGETED_DEVICE_FAMILY = "1,2";
			};
			name = Release;
		};
/* End XCBuildConfiguration section */

/* Begin XCConfigurationList section */
		60663902297E5AA3005902EF /* Build configuration list for PBXProject "NSCache" */ = {
			isa = XCConfigurationList;
			buildConfigurations = (
				60663919297E5AA3005902EF /* Debug */,
				6066391A297E5AA3005902EF /* Release */,
			);
			defaultConfigurationIsVisible = 0;
			defaultConfigurationName = Release;
		};
		6066391B297E5AA3005902EF /* Build configuration list for PBXNativeTarget "NSCache" */ = {
			isa = XCConfigurationList;
			buildConfigurations = (
				6066391C297E5AA3005902EF /* Debug */,
				6066391D297E5AA3005902EF /* Release */,
			);
			defaultConfigurationIsVisible = 0;
			defaultConfigurationName = Release;
		};
/* End XCConfigurationList section */
	};
	rootObject = 606638FF297E5AA3005902EF /* Project object */;
}
